
Microsoft Visual Studio Solution File, Format Version 12.00
# Visual Studio Version 17
VisualStudioVersion = 17.9.34607.119
MinimumVisualStudioVersion = 10.0.40219.1
Project("{8BC9CEB8-8B4A-11D0-8D11-00A0C91BC942}") = "find mine", "find mine\find mine.vcxproj", "{9E958DAE-C45F-4EDC-9E89-28DEB5B06303}"
EndProject
Global
	GlobalSection(SolutionConfigurationPlatforms) = preSolution
		Debug|x64 = Debug|x64
		Debug|x86 = Debug|x86
		Release|x64 = Release|x64
		Release|x86 = Release|x86
	EndGlobalSection
	GlobalSection(ProjectConfigurationPlatforms) = postSolution
		{9E958DAE-C45F-4EDC-9E89-28DEB5B06303}.Debug|x64.ActiveCfg = Debug|x64
		{9E958DAE-C45F-4EDC-9E89-28DEB5B06303}.Debug|x64.Build.0 = Debug|x64
		{9E958DAE-C45F-4EDC-9E89-28DEB5B06303}.Debug|x86.ActiveCfg = Debug|Win32
		{9E958DAE-C45F-4EDC-9E89-28DEB5B06303}.Debug|x86.Build.0 = Debug|Win32
		{9E958DAE-C45F-4EDC-9E89-28DEB5B06303}.Release|x64.ActiveCfg = Release|x64
		{9E958DAE-C45F-4EDC-9E89-28DEB5B06303}.Release|x64.Build.0 = Release|x64
		{9E958DAE-C45F-4EDC-9E89-28DEB5B06303}.Release|x86.ActiveCfg = Release|Win32
		{9E958DAE-C45F-4EDC-9E89-28DEB5B06303}.Release|x86.Build.0 = Release|Win32
	EndGlobalSection
	GlobalSection(SolutionProperties) = preSolution
		HideSolutionNode = FALSE
	EndGlobalSection
	GlobalSection(ExtensibilityGlobals) = postSolution
		SolutionGuid = {19E8453C-C447-4054-A520-5A041FB8AA8E}
	EndGlobalSection
EndGlobal
